
Microsoft Visual Studio Solution File, Format Version 12.00
# Visual Studio Version 17
VisualStudioVersion = 17.14.37012.4 d17.14
MinimumVisualStudioVersion = 10.0.40219.1
Project("{FAE04EC0-301F-11D3-BF4B-00C04F79EFBC}") = "ConsoleApp3", "ConsoleApp3\ConsoleApp3.csproj", "{0BAACDD0-908D-4A6A-B906-BCAD290890EA}"
EndProject
Global
	GlobalSection(SolutionConfigurationPlatforms) = preSolution
		Debug|Any CPU = Debug|Any CPU
		Release|Any CPU = Release|Any CPU
	EndGlobalSection
	GlobalSection(ProjectConfigurationPlatforms) = postSolution
		{0BAACDD0-908D-4A6A-B906-BCAD290890EA}.Debug|Any CPU.ActiveCfg = Debug|Any CPU
		{0BAACDD0-908D-4A6A-B906-BCAD290890EA}.Debug|Any CPU.Build.0 = Debug|Any CPU
		{0BAACDD0-908D-4A6A-B906-BCAD290890EA}.Release|Any CPU.ActiveCfg = Release|Any CPU
		{0BAACDD0-908D-4A6A-B906-BCAD290890EA}.Release|Any CPU.Build.0 = Release|Any CPU
	EndGlobalSection
	GlobalSection(SolutionProperties) = preSolution
		HideSolutionNode = FALSE
	EndGlobalSection
	GlobalSection(ExtensibilityGlobals) = postSolution
		SolutionGuid = {E558FCAB-0D28-4DFF-AC3F-1E1B2F0FCE28}
	EndGlobalSection
EndGlobal
